
Microsoft Visual Studio Solution File, Format Version 12.00
# Visual Studio 14
VisualStudioVersion = 14.0.25420.1
MinimumVisualStudioVersion = 10.0.40219.1
Project("{FAE04EC0-301F-11D3-BF4B-00C04F79EFBC}") = "AdalPipeline", "AdalPipeline\AdalPipeline.csproj", "{5F198B96-19F1-4841-8483-BDDFAF0C1C4F}"
EndProject
Project("{FAE04EC0-301F-11D3-BF4B-00C04F79EFBC}") = "AdalPipeline.Tests", "AdalPipeline.Tests\AdalPipeline.Tests.csproj", "{6CDEAF83-A84D-41DF-A6AD-0D5CD21A5062}"
EndProject
Global
	GlobalSection(SolutionConfigurationPlatforms) = preSolution
		Debug|Any CPU = Debug|Any CPU
		Release|Any CPU = Release|Any CPU
	EndGlobalSection
	GlobalSection(ProjectConfigurationPlatforms) = postSolution
		{5F198B96-19F1-4841-8483-BDDFAF0C1C4F}.Debug|Any CPU.ActiveCfg = Debug|Any CPU
		{5F198B96-19F1-4841-8483-BDDFAF0C1C4F}.Debug|Any CPU.Build.0 = Debug|Any CPU
		{5F198B96-19F1-4841-8483-BDDFAF0C1C4F}.Release|Any CPU.ActiveCfg = Release|Any CPU
		{5F198B96-19F1-4841-8483-BDDFAF0C1C4F}.Release|Any CPU.Build.0 = Release|Any CPU
		{6CDEAF83-A84D-41DF-A6AD-0D5CD21A5062}.Debug|Any CPU.ActiveCfg = Debug|Any CPU
		{6CDEAF83-A84D-41DF-A6AD-0D5CD21A5062}.Debug|Any CPU.Build.0 = Debug|Any CPU
		{6CDEAF83-A84D-41DF-A6AD-0D5CD21A5062}.Release|Any CPU.ActiveCfg = Release|Any CPU
		{6CDEAF83-A84D-41DF-A6AD-0D5CD21A5062}.Release|Any CPU.Build.0 = Release|Any CPU
	EndGlobalSection
	GlobalSection(SolutionProperties) = preSolution
		HideSolutionNode = FALSE
	EndGlobalSection
EndGlobal
